
Microsoft Visual Studio Solution File, Format Version 12.00
# Visual Studio Version 17
VisualStudioVersion = 17.10.34916.146
MinimumVisualStudioVersion = 10.0.40219.1
Project("{9A19103F-16F7-4668-BE54-9A1E7A4F7556}") = "BLL", "BLL\BLL.csproj", "{75E78DA5-EF64-492A-9C40-140098C2EEBA}"
EndProject
Project("{FAE04EC0-301F-11D3-BF4B-00C04F79EFBC}") = "Models", "Models\Models.csproj", "{8F8D8BEB-9D54-4F64-B230-F313D57D1806}"
EndProject
Project("{FAE04EC0-301F-11D3-BF4B-00C04F79EFBC}") = "WpfAppArticulo", "WpfAppArticulo\WpfAppArticulo.csproj", "{64A7A0A3-61FF-4C67-874D-591E44C7B19B}"
EndProject
Global
	GlobalSection(SolutionConfigurationPlatforms) = preSolution
		Debug|Any CPU = Debug|Any CPU
		Release|Any CPU = Release|Any CPU
	EndGlobalSection
	GlobalSection(ProjectConfigurationPlatforms) = postSolution
		{75E78DA5-EF64-492A-9C40-140098C2EEBA}.Debug|Any CPU.ActiveCfg = Debug|Any CPU
		{75E78DA5-EF64-492A-9C40-140098C2EEBA}.Debug|Any CPU.Build.0 = Debug|Any CPU
		{75E78DA5-EF64-492A-9C40-140098C2EEBA}.Release|Any CPU.ActiveCfg = Release|Any CPU
		{75E78DA5-EF64-492A-9C40-140098C2EEBA}.Release|Any CPU.Build.0 = Release|Any CPU
		{8F8D8BEB-9D54-4F64-B230-F313D57D1806}.Debug|Any CPU.ActiveCfg = Debug|Any CPU
		{8F8D8BEB-9D54-4F64-B230-F313D57D1806}.Debug|Any CPU.Build.0 = Debug|Any CPU
		{8F8D8BEB-9D54-4F64-B230-F313D57D1806}.Release|Any CPU.ActiveCfg = Release|Any CPU
		{8F8D8BEB-9D54-4F64-B230-F313D57D1806}.Release|Any CPU.Build.0 = Release|Any CPU
		{64A7A0A3-61FF-4C67-874D-591E44C7B19B}.Debug|Any CPU.ActiveCfg = Debug|Any CPU
		{64A7A0A3-61FF-4C67-874D-591E44C7B19B}.Debug|Any CPU.Build.0 = Debug|Any CPU
		{64A7A0A3-61FF-4C67-874D-591E44C7B19B}.Release|Any CPU.ActiveCfg = Release|Any CPU
		{64A7A0A3-61FF-4C67-874D-591E44C7B19B}.Release|Any CPU.Build.0 = Release|Any CPU
	EndGlobalSection
	GlobalSection(SolutionProperties) = preSolution
		HideSolutionNode = FALSE
	EndGlobalSection
	GlobalSection(ExtensibilityGlobals) = postSolution
		SolutionGuid = {50DC886F-7438-4922-983D-7375F361D262}
	EndGlobalSection
EndGlobal
