
Microsoft Visual Studio Solution File, Format Version 12.00
# Visual Studio Version 17
VisualStudioVersion = 17.10.34916.146
MinimumVisualStudioVersion = 10.0.40219.1
Project("{FAE04EC0-301F-11D3-BF4B-00C04F79EFBC}") = "Models", "Models\Models.csproj", "{52775E81-592C-43DA-83E2-8E0E3827343B}"
EndProject
Project("{FAE04EC0-301F-11D3-BF4B-00C04F79EFBC}") = "WpfAppAgencia", "WpfAppAgencia\WpfAppAgencia.csproj", "{35E9A059-23B5-47E8-8A49-9DA57E4DB9F1}"
EndProject
Project("{FAE04EC0-301F-11D3-BF4B-00C04F79EFBC}") = "BLL", "BLL\BLL.csproj", "{68559861-A8BF-4B40-923E-12F74288F275}"
EndProject
Global
	GlobalSection(SolutionConfigurationPlatforms) = preSolution
		Debug|Any CPU = Debug|Any CPU
		Release|Any CPU = Release|Any CPU
	EndGlobalSection
	GlobalSection(ProjectConfigurationPlatforms) = postSolution
		{52775E81-592C-43DA-83E2-8E0E3827343B}.Debug|Any CPU.ActiveCfg = Debug|Any CPU
		{52775E81-592C-43DA-83E2-8E0E3827343B}.Debug|Any CPU.Build.0 = Debug|Any CPU
		{52775E81-592C-43DA-83E2-8E0E3827343B}.Release|Any CPU.ActiveCfg = Release|Any CPU
		{52775E81-592C-43DA-83E2-8E0E3827343B}.Release|Any CPU.Build.0 = Release|Any CPU
		{35E9A059-23B5-47E8-8A49-9DA57E4DB9F1}.Debug|Any CPU.ActiveCfg = Debug|Any CPU
		{35E9A059-23B5-47E8-8A49-9DA57E4DB9F1}.Debug|Any CPU.Build.0 = Debug|Any CPU
		{35E9A059-23B5-47E8-8A49-9DA57E4DB9F1}.Release|Any CPU.ActiveCfg = Release|Any CPU
		{35E9A059-23B5-47E8-8A49-9DA57E4DB9F1}.Release|Any CPU.Build.0 = Release|Any CPU
		{68559861-A8BF-4B40-923E-12F74288F275}.Debug|Any CPU.ActiveCfg = Debug|Any CPU
		{68559861-A8BF-4B40-923E-12F74288F275}.Debug|Any CPU.Build.0 = Debug|Any CPU
		{68559861-A8BF-4B40-923E-12F74288F275}.Release|Any CPU.ActiveCfg = Release|Any CPU
		{68559861-A8BF-4B40-923E-12F74288F275}.Release|Any CPU.Build.0 = Release|Any CPU
	EndGlobalSection
	GlobalSection(SolutionProperties) = preSolution
		HideSolutionNode = FALSE
	EndGlobalSection
	GlobalSection(ExtensibilityGlobals) = postSolution
		SolutionGuid = {6D610759-6FB0-4EEB-BFF4-553C70144C17}
	EndGlobalSection
EndGlobal
