
Microsoft Visual Studio Solution File, Format Version 12.00
# Visual Studio Version 17
VisualStudioVersion = 17.6.33723.286
MinimumVisualStudioVersion = 10.0.40219.1
Project("{FAE04EC0-301F-11D3-BF4B-00C04F79EFBC}") = "Modelos", "Modelos\Modelos.csproj", "{2D8F4220-345A-4C9C-A3AF-4A8205D470E8}"
EndProject
Project("{FAE04EC0-301F-11D3-BF4B-00C04F79EFBC}") = "BLL", "BLL\BLL.csproj", "{D499825F-3229-4D41-994A-705982FE5FBB}"
EndProject
Project("{FAE04EC0-301F-11D3-BF4B-00C04F79EFBC}") = "Interface", "Interface\Interface.csproj", "{16203F77-9107-461B-9EBB-A4322BA7BAD3}"
EndProject
Global
	GlobalSection(SolutionConfigurationPlatforms) = preSolution
		Debug|Any CPU = Debug|Any CPU
		Release|Any CPU = Release|Any CPU
	EndGlobalSection
	GlobalSection(ProjectConfigurationPlatforms) = postSolution
		{2D8F4220-345A-4C9C-A3AF-4A8205D470E8}.Debug|Any CPU.ActiveCfg = Debug|Any CPU
		{2D8F4220-345A-4C9C-A3AF-4A8205D470E8}.Debug|Any CPU.Build.0 = Debug|Any CPU
		{2D8F4220-345A-4C9C-A3AF-4A8205D470E8}.Release|Any CPU.ActiveCfg = Release|Any CPU
		{2D8F4220-345A-4C9C-A3AF-4A8205D470E8}.Release|Any CPU.Build.0 = Release|Any CPU
		{D499825F-3229-4D41-994A-705982FE5FBB}.Debug|Any CPU.ActiveCfg = Debug|Any CPU
		{D499825F-3229-4D41-994A-705982FE5FBB}.Debug|Any CPU.Build.0 = Debug|Any CPU
		{D499825F-3229-4D41-994A-705982FE5FBB}.Release|Any CPU.ActiveCfg = Release|Any CPU
		{D499825F-3229-4D41-994A-705982FE5FBB}.Release|Any CPU.Build.0 = Release|Any CPU
		{16203F77-9107-461B-9EBB-A4322BA7BAD3}.Debug|Any CPU.ActiveCfg = Debug|Any CPU
		{16203F77-9107-461B-9EBB-A4322BA7BAD3}.Debug|Any CPU.Build.0 = Debug|Any CPU
		{16203F77-9107-461B-9EBB-A4322BA7BAD3}.Release|Any CPU.ActiveCfg = Release|Any CPU
		{16203F77-9107-461B-9EBB-A4322BA7BAD3}.Release|Any CPU.Build.0 = Release|Any CPU
	EndGlobalSection
	GlobalSection(SolutionProperties) = preSolution
		HideSolutionNode = FALSE
	EndGlobalSection
	GlobalSection(ExtensibilityGlobals) = postSolution
		SolutionGuid = {F5699640-868B-449A-A0C2-1FC149845C03}
	EndGlobalSection
EndGlobal
