
Microsoft Visual Studio Solution File, Format Version 12.00
# Visual Studio Version 17
VisualStudioVersion = 17.10.34916.146
MinimumVisualStudioVersion = 10.0.40219.1
Project("{FAE04EC0-301F-11D3-BF4B-00C04F79EFBC}") = "Models", "Models\Models.csproj", "{4358D429-399B-42B7-9A9E-B76DB74865DF}"
EndProject
Project("{FAE04EC0-301F-11D3-BF4B-00C04F79EFBC}") = "BLL", "BLL\BLL.csproj", "{C8D17149-2995-4876-B30A-CED5F71F852F}"
EndProject
Project("{FAE04EC0-301F-11D3-BF4B-00C04F79EFBC}") = "WpfAppRestaurante", "WpfAppRestaurante\WpfAppRestaurante.csproj", "{D943EFFF-FDEB-46DD-935F-3072E92D802A}"
EndProject
Global
	GlobalSection(SolutionConfigurationPlatforms) = preSolution
		Debug|Any CPU = Debug|Any CPU
		Release|Any CPU = Release|Any CPU
	EndGlobalSection
	GlobalSection(ProjectConfigurationPlatforms) = postSolution
		{4358D429-399B-42B7-9A9E-B76DB74865DF}.Debug|Any CPU.ActiveCfg = Debug|Any CPU
		{4358D429-399B-42B7-9A9E-B76DB74865DF}.Debug|Any CPU.Build.0 = Debug|Any CPU
		{4358D429-399B-42B7-9A9E-B76DB74865DF}.Release|Any CPU.ActiveCfg = Release|Any CPU
		{4358D429-399B-42B7-9A9E-B76DB74865DF}.Release|Any CPU.Build.0 = Release|Any CPU
		{C8D17149-2995-4876-B30A-CED5F71F852F}.Debug|Any CPU.ActiveCfg = Debug|Any CPU
		{C8D17149-2995-4876-B30A-CED5F71F852F}.Debug|Any CPU.Build.0 = Debug|Any CPU
		{C8D17149-2995-4876-B30A-CED5F71F852F}.Release|Any CPU.ActiveCfg = Release|Any CPU
		{C8D17149-2995-4876-B30A-CED5F71F852F}.Release|Any CPU.Build.0 = Release|Any CPU
		{D943EFFF-FDEB-46DD-935F-3072E92D802A}.Debug|Any CPU.ActiveCfg = Debug|Any CPU
		{D943EFFF-FDEB-46DD-935F-3072E92D802A}.Debug|Any CPU.Build.0 = Debug|Any CPU
		{D943EFFF-FDEB-46DD-935F-3072E92D802A}.Release|Any CPU.ActiveCfg = Release|Any CPU
		{D943EFFF-FDEB-46DD-935F-3072E92D802A}.Release|Any CPU.Build.0 = Release|Any CPU
	EndGlobalSection
	GlobalSection(SolutionProperties) = preSolution
		HideSolutionNode = FALSE
	EndGlobalSection
	GlobalSection(ExtensibilityGlobals) = postSolution
		SolutionGuid = {8A61348B-CDA7-4060-B641-BB0774047CC1}
	EndGlobalSection
EndGlobal
